
Microsoft Visual Studio Solution File, Format Version 12.00
# Visual Studio Version 17
VisualStudioVersion = 17.5.002.0
MinimumVisualStudioVersion = 10.0.40219.1
Project("{9A19103F-16F7-4668-BE54-9A1E7A4F7556}") = "P01-SAD", "P01-SAD.csproj", "{AF2BBB91-3557-4157-B09C-09C980BCF96D}"
EndProject
Global
	GlobalSection(SolutionConfigurationPlatforms) = preSolution
		Debug|Any CPU = Debug|Any CPU
		Release|Any CPU = Release|Any CPU
	EndGlobalSection
	GlobalSection(ProjectConfigurationPlatforms) = postSolution
		{AF2BBB91-3557-4157-B09C-09C980BCF96D}.Debug|Any CPU.ActiveCfg = Debug|Any CPU
		{AF2BBB91-3557-4157-B09C-09C980BCF96D}.Debug|Any CPU.Build.0 = Debug|Any CPU
		{AF2BBB91-3557-4157-B09C-09C980BCF96D}.Release|Any CPU.ActiveCfg = Release|Any CPU
		{AF2BBB91-3557-4157-B09C-09C980BCF96D}.Release|Any CPU.Build.0 = Release|Any CPU
	EndGlobalSection
	GlobalSection(SolutionProperties) = preSolution
		HideSolutionNode = FALSE
	EndGlobalSection
	GlobalSection(ExtensibilityGlobals) = postSolution
		SolutionGuid = {8A8D5B33-5B18-4429-BB9A-7286A84C8CFB}
	EndGlobalSection
EndGlobal
